// !$*UTF8*$!
{
	archiveVersion = 1;
	classes = {
	};
	objectVersion = 56;
	objects = {

/* Begin PBXBuildFile section */
		0B6AB469822A9AA2E51A8C28 /* GitInfoProvider.swift in Sources */ = {isa = PBXBuildFile; fileRef = 4947719F5BB31AF867CA0333 /* GitInfoProvider.swift */; };
		12206E81069384C171C9AE43 /* ProjectTests.swift in Sources */ = {isa = PBXBuildFile; fileRef = 79243EEB7CA62AE1C353C5A8 /* ProjectTests.swift */; };
		1653A2D2BC93FCEEEF8E369B /* ShellCommand.swift in Sources */ = {isa = PBXBuildFile; fileRef = CF385808A0FACEAA1C108DA3 /* ShellCommand.swift */; };
		2825621CF689BD62184078F2 /* ShellCommandTests.swift in Sources */ = {isa = PBXBuildFile; fileRef = 0CA475D976BB2B222AFA3465 /* ShellCommandTests.swift */; };
		2EDF353AB9DDBA4D9EC77E55 /* GitInfoProviderTests.swift in Sources */ = {isa = PBXBuildFile; fileRef = 2696CAED935EFED2E15A6AAF /* GitInfoProviderTests.swift */; };
		3BF826BB7E1C167CC5B7E7E4 /* ProjectPulseTests.swift in Sources */ = {isa = PBXBuildFile; fileRef = 98A5C1178F7AD9DAED490CA4 /* ProjectPulseTests.swift */; };
		485E1E434B99D531624AF1C5 /* ProjectPulseApp.swift in Sources */ = {isa = PBXBuildFile; fileRef = ED64ABD5DCC55CD45DE89ADC /* ProjectPulseApp.swift */; };
		6106C75A0B47C48D37989A10 /* GitScannerTests.swift in Sources */ = {isa = PBXBuildFile; fileRef = B004AE9CD3D89F916CE42510 /* GitScannerTests.swift */; };
		66ACA74E2CD8D75CF41FD5DD /* Project.swift in Sources */ = {isa = PBXBuildFile; fileRef = 16D0ACFD6C24A1F5CAEFC6D2 /* Project.swift */; };
		8EE1231DB6B6B06800E12681 /* GitScanner.swift in Sources */ = {isa = PBXBuildFile; fileRef = 8539A12B73F4CC406F492E57 /* GitScanner.swift */; };
/* End PBXBuildFile section */

/* Begin PBXContainerItemProxy section */
		B6B5749691EC7363015FFFCC /* PBXContainerItemProxy */ = {
			isa = PBXContainerItemProxy;
			containerPortal = 7A62027D4997341DF687A343 /* Project object */;
			proxyType = 1;
			remoteGlobalIDString = D13F12AC1CE0E019FC1D5172;
			remoteInfo = ProjectPulse;
		};
/* End PBXContainerItemProxy section */

/* Begin PBXFileReference section */
		05B2097738385308EFF69005 /* ProjectPulse.app */ = {isa = PBXFileReference; explicitFileType = wrapper.application; includeInIndex = 0; path = ProjectPulse.app; sourceTree = BUILT_PRODUCTS_DIR; };
		0CA475D976BB2B222AFA3465 /* ShellCommandTests.swift */ = {isa = PBXFileReference; lastKnownFileType = sourcecode.swift; path = ShellCommandTests.swift; sourceTree = "<group>"; };
		16D0ACFD6C24A1F5CAEFC6D2 /* Project.swift */ = {isa = PBXFileReference; lastKnownFileType = sourcecode.swift; path = Project.swift; sourceTree = "<group>"; };
		2696CAED935EFED2E15A6AAF /* GitInfoProviderTests.swift */ = {isa = PBXFileReference; lastKnownFileType = sourcecode.swift; path = GitInfoProviderTests.swift; sourceTree = "<group>"; };
		4947719F5BB31AF867CA0333 /* GitInfoProvider.swift */ = {isa = PBXFileReference; lastKnownFileType = sourcecode.swift; path = GitInfoProvider.swift; sourceTree = "<group>"; };
		4C965DF3A2DC1209AE9E689B /* Info.plist */ = {isa = PBXFileReference; lastKnownFileType = text.plist; path = Info.plist; sourceTree = "<group>"; };
		79243EEB7CA62AE1C353C5A8 /* ProjectTests.swift */ = {isa = PBXFileReference; lastKnownFileType = sourcecode.swift; path = ProjectTests.swift; sourceTree = "<group>"; };
		8539A12B73F4CC406F492E57 /* GitScanner.swift */ = {isa = PBXFileReference; lastKnownFileType = sourcecode.swift; path = GitScanner.swift; sourceTree = "<group>"; };
		98A5C1178F7AD9DAED490CA4 /* ProjectPulseTests.swift */ = {isa = PBXFileReference; lastKnownFileType = sourcecode.swift; path = ProjectPulseTests.swift; sourceTree = "<group>"; };
		A3C74B98F2EBBB1A0ED25FFD /* ProjectPulseTests.xctest */ = {isa = PBXFileReference; explicitFileType = wrapper.cfbundle; includeInIndex = 0; path = ProjectPulseTests.xctest; sourceTree = BUILT_PRODUCTS_DIR; };
		B004AE9CD3D89F916CE42510 /* GitScannerTests.swift */ = {isa = PBXFileReference; lastKnownFileType = sourcecode.swift; path = GitScannerTests.swift; sourceTree = "<group>"; };
		CF385808A0FACEAA1C108DA3 /* ShellCommand.swift */ = {isa = PBXFileReference; lastKnownFileType = sourcecode.swift; path = ShellCommand.swift; sourceTree = "<group>"; };
		ED64ABD5DCC55CD45DE89ADC /* ProjectPulseApp.swift */ = {isa = PBXFileReference; lastKnownFileType = sourcecode.swift; path = ProjectPulseApp.swift; sourceTree = "<group>"; };
/* End PBXFileReference section */

/* Begin PBXGroup section */
		629BB3595BADA01BE55EE68F /* ProjectPulse */ = {
			isa = PBXGroup;
			children = (
				4C965DF3A2DC1209AE9E689B /* Info.plist */,
				ED64ABD5DCC55CD45DE89ADC /* ProjectPulseApp.swift */,
				A4CA2D68E041E2175334BE0D /* Models */,
				A484AA1837503A0518B0B8F2 /* Services */,
			);
			path = ProjectPulse;
			sourceTree = "<group>";
		};
		940B2942EC40355E12A0BC21 /* ProjectPulseTests */ = {
			isa = PBXGroup;
			children = (
				2696CAED935EFED2E15A6AAF /* GitInfoProviderTests.swift */,
				B004AE9CD3D89F916CE42510 /* GitScannerTests.swift */,
				98A5C1178F7AD9DAED490CA4 /* ProjectPulseTests.swift */,
				79243EEB7CA62AE1C353C5A8 /* ProjectTests.swift */,
				0CA475D976BB2B222AFA3465 /* ShellCommandTests.swift */,
			);
			path = ProjectPulseTests;
			sourceTree = "<group>";
		};
		A484AA1837503A0518B0B8F2 /* Services */ = {
			isa = PBXGroup;
			children = (
				4947719F5BB31AF867CA0333 /* GitInfoProvider.swift */,
				8539A12B73F4CC406F492E57 /* GitScanner.swift */,
				CF385808A0FACEAA1C108DA3 /* ShellCommand.swift */,
			);
			path = Services;
			sourceTree = "<group>";
		};
		A4CA2D68E041E2175334BE0D /* Models */ = {
			isa = PBXGroup;
			children = (
				16D0ACFD6C24A1F5CAEFC6D2 /* Project.swift */,
			);
			path = Models;
			sourceTree = "<group>";
		};
		A5CCE979DAFEF5D09297E42A = {
			isa = PBXGroup;
			children = (
				629BB3595BADA01BE55EE68F /* ProjectPulse */,
				940B2942EC40355E12A0BC21 /* ProjectPulseTests */,
				C7157A14538B891D35DA5390 /* Products */,
			);
			sourceTree = "<group>";
		};
		C7157A14538B891D35DA5390 /* Products */ = {
			isa = PBXGroup;
			children = (
				05B2097738385308EFF69005 /* ProjectPulse.app */,
				A3C74B98F2EBBB1A0ED25FFD /* ProjectPulseTests.xctest */,
			);
			name = Products;
			sourceTree = "<group>";
		};
/* End PBXGroup section */

/* Begin PBXNativeTarget section */
		4C6E117CC924A89507545199 /* ProjectPulseTests */ = {
			isa = PBXNativeTarget;
			buildConfigurationList = B837964449E12682EBEF21A7 /* Build configuration list for PBXNativeTarget "ProjectPulseTests" */;
			buildPhases = (
				DEF57DCECCDF4F341597EFF8 /* Sources */,
			);
			buildRules = (
			);
			dependencies = (
				5D45F465CF2385D9755BA2F8 /* PBXTargetDependency */,
			);
			name = ProjectPulseTests;
			packageProductDependencies = (
			);
			productName = ProjectPulseTests;
			productReference = A3C74B98F2EBBB1A0ED25FFD /* ProjectPulseTests.xctest */;
			productType = "com.apple.product-type.bundle.unit-test";
		};
		D13F12AC1CE0E019FC1D5172 /* ProjectPulse */ = {
			isa = PBXNativeTarget;
			buildConfigurationList = EA5A2CD134BF060725908F93 /* Build configuration list for PBXNativeTarget "ProjectPulse" */;
			buildPhases = (
				7FCCCE61935C8E45E759E4A8 /* Sources */,
			);
			buildRules = (
			);
			dependencies = (
			);
			name = ProjectPulse;
			packageProductDependencies = (
			);
			productName = ProjectPulse;
			productReference = 05B2097738385308EFF69005 /* ProjectPulse.app */;
			productType = "com.apple.product-type.application";
		};
/* End PBXNativeTarget section */

/* Begin PBXProject section */
		7A62027D4997341DF687A343 /* Project object */ = {
			isa = PBXProject;
			attributes = {
				BuildIndependentTargetsInParallel = YES;
				LastUpgradeCheck = 1540;
				TargetAttributes = {
				};
			};
			buildConfigurationList = A9DFCEA6C26C0F8F15AE7376 /* Build configuration list for PBXProject "ProjectPulse" */;
			developmentRegion = en;
			hasScannedForEncodings = 0;
			knownRegions = (
				Base,
				en,
			);
			mainGroup = A5CCE979DAFEF5D09297E42A;
			minimizedProjectReferenceProxies = 1;
			preferredProjectObjectVersion = 77;
			productRefGroup = C7157A14538B891D35DA5390 /* Products */;
			projectDirPath = "";
			projectRoot = "";
			targets = (
				D13F12AC1CE0E019FC1D5172 /* ProjectPulse */,
				4C6E117CC924A89507545199 /* ProjectPulseTests */,
			);
		};
/* End PBXProject section */

/* Begin PBXSourcesBuildPhase section */
		7FCCCE61935C8E45E759E4A8 /* Sources */ = {
			isa = PBXSourcesBuildPhase;
			buildActionMask = 2147483647;
			files = (
				0B6AB469822A9AA2E51A8C28 /* GitInfoProvider.swift in Sources */,
				8EE1231DB6B6B06800E12681 /* GitScanner.swift in Sources */,
				66ACA74E2CD8D75CF41FD5DD /* Project.swift in Sources */,
				485E1E434B99D531624AF1C5 /* ProjectPulseApp.swift in Sources */,
				1653A2D2BC93FCEEEF8E369B /* ShellCommand.swift in Sources */,
			);
			runOnlyForDeploymentPostprocessing = 0;
		};
		DEF57DCECCDF4F341597EFF8 /* Sources */ = {
			isa = PBXSourcesBuildPhase;
			buildActionMask = 2147483647;
			files = (
				2EDF353AB9DDBA4D9EC77E55 /* GitInfoProviderTests.swift in Sources */,
				6106C75A0B47C48D37989A10 /* GitScannerTests.swift in Sources */,
				3BF826BB7E1C167CC5B7E7E4 /* ProjectPulseTests.swift in Sources */,
				12206E81069384C171C9AE43 /* ProjectTests.swift in Sources */,
				2825621CF689BD62184078F2 /* ShellCommandTests.swift in Sources */,
			);
			runOnlyForDeploymentPostprocessing = 0;
		};
/* End PBXSourcesBuildPhase section */

/* Begin PBXTargetDependency section */
		5D45F465CF2385D9755BA2F8 /* PBXTargetDependency */ = {
			isa = PBXTargetDependency;
			target = D13F12AC1CE0E019FC1D5172 /* ProjectPulse */;
			targetProxy = B6B5749691EC7363015FFFCC /* PBXContainerItemProxy */;
		};
/* End PBXTargetDependency section */

/* Begin XCBuildConfiguration section */
		0C6D64EAC9E5F1B2BA23F69A /* Release */ = {
			isa = XCBuildConfiguration;
			buildSettings = {
				ALWAYS_SEARCH_USER_PATHS = NO;
				CLANG_ANALYZER_NONNULL = YES;
				CLANG_ANALYZER_NUMBER_OBJECT_CONVERSION = YES_AGGRESSIVE;
				CLANG_CXX_LANGUAGE_STANDARD = "gnu++14";
				CLANG_CXX_LIBRARY = "libc++";
				CLANG_ENABLE_MODULES = YES;
				CLANG_ENABLE_OBJC_ARC = YES;
				CLANG_ENABLE_OBJC_WEAK = YES;
				CLANG_WARN_BLOCK_CAPTURE_AUTORELEASING = YES;
				CLANG_WARN_BOOL_CONVERSION = YES;
				CLANG_WARN_COMMA = YES;
				CLANG_WARN_CONSTANT_CONVERSION = YES;
				CLANG_WARN_DEPRECATED_OBJC_IMPLEMENTATIONS = YES;
				CLANG_WARN_DIRECT_OBJC_ISA_USAGE = YES_ERROR;
				CLANG_WARN_DOCUMENTATION_COMMENTS = YES;
				CLANG_WARN_EMPTY_BODY = YES;
				CLANG_WARN_ENUM_CONVERSION = YES;
				CLANG_WARN_INFINITE_RECURSION = YES;
				CLANG_WARN_INT_CONVERSION = YES;
				CLANG_WARN_NON_LITERAL_NULL_CONVERSION = YES;
				CLANG_WARN_OBJC_IMPLICIT_RETAIN_SELF = YES;
				CLANG_WARN_OBJC_LITERAL_CONVERSION = YES;
				CLANG_WARN_OBJC_ROOT_CLASS = YES_ERROR;
				CLANG_WARN_QUOTED_INCLUDE_IN_FRAMEWORK_HEADER = YES;
				CLANG_WARN_RANGE_LOOP_ANALYSIS = YES;
				CLANG_WARN_STRICT_PROTOTYPES = YES;
				CLANG_WARN_SUSPICIOUS_MOVE = YES;
				CLANG_WARN_UNGUARDED_AVAILABILITY = YES_AGGRESSIVE;
				CLANG_WARN_UNREACHABLE_CODE = YES;
				CLANG_WARN__DUPLICATE_METHOD_MATCH = YES;
				COPY_PHASE_STRIP = NO;
				DEBUG_INFORMATION_FORMAT = "dwarf-with-dsym";
				ENABLE_NS_ASSERTIONS = NO;
				ENABLE_STRICT_OBJC_MSGSEND = YES;
				GCC_C_LANGUAGE_STANDARD = gnu11;
				GCC_NO_COMMON_BLOCKS = YES;
				GCC_WARN_64_TO_32_BIT_CONVERSION = YES;
				GCC_WARN_ABOUT_RETURN_TYPE = YES_ERROR;
				GCC_WARN_UNDECLARED_SELECTOR = YES;
				GCC_WARN_UNINITIALIZED_AUTOS = YES_AGGRESSIVE;
				GCC_WARN_UNUSED_FUNCTION = YES;
				GCC_WARN_UNUSED_VARIABLE = YES;
				MACOSX_DEPLOYMENT_TARGET = 14.0;
				MTL_ENABLE_DEBUG_INFO = NO;
				MTL_FAST_MATH = YES;
				PRODUCT_NAME = "$(TARGET_NAME)";
				SDKROOT = macosx;
				SWIFT_COMPILATION_MODE = wholemodule;
				SWIFT_OPTIMIZATION_LEVEL = "-O";
				SWIFT_VERSION = 5.10;
			};
			name = Release;
		};
		1B3A20D73330EAA57350D8B2 /* Debug */ = {
			isa = XCBuildConfiguration;
			buildSettings = {
				ASSETCATALOG_COMPILER_APPICON_NAME = AppIcon;
				CODE_SIGNING_REQUIRED = NO;
				CODE_SIGN_IDENTITY = "-";
				COMBINE_HIDPI_IMAGES = YES;
				ENABLE_HARDENED_RUNTIME = NO;
				INFOPLIST_FILE = ProjectPulse/Info.plist;
				LD_RUNPATH_SEARCH_PATHS = (
					"$(inherited)",
					"@executable_path/../Frameworks",
				);
				PRODUCT_BUNDLE_IDENTIFIER = com.anibalin.ProjectPulse;
				SDKROOT = macosx;
			};
			name = Debug;
		};
		53BEB8842511B6E276EC69D2 /* Debug */ = {
			isa = XCBuildConfiguration;
			buildSettings = {
				ALWAYS_SEARCH_USER_PATHS = NO;
				CLANG_ANALYZER_NONNULL = YES;
				CLANG_ANALYZER_NUMBER_OBJECT_CONVERSION = YES_AGGRESSIVE;
				CLANG_CXX_LANGUAGE_STANDARD = "gnu++14";
				CLANG_CXX_LIBRARY = "libc++";
				CLANG_ENABLE_MODULES = YES;
				CLANG_ENABLE_OBJC_ARC = YES;
				CLANG_ENABLE_OBJC_WEAK = YES;
				CLANG_WARN_BLOCK_CAPTURE_AUTORELEASING = YES;
				CLANG_WARN_BOOL_CONVERSION = YES;
				CLANG_WARN_COMMA = YES;
				CLANG_WARN_CONSTANT_CONVERSION = YES;
				CLANG_WARN_DEPRECATED_OBJC_IMPLEMENTATIONS = YES;
				CLANG_WARN_DIRECT_OBJC_ISA_USAGE = YES_ERROR;
				CLANG_WARN_DOCUMENTATION_COMMENTS = YES;
				CLANG_WARN_EMPTY_BODY = YES;
				CLANG_WARN_ENUM_CONVERSION = YES;
				CLANG_WARN_INFINITE_RECURSION = YES;
				CLANG_WARN_INT_CONVERSION = YES;
				CLANG_WARN_NON_LITERAL_NULL_CONVERSION = YES;
				CLANG_WARN_OBJC_IMPLICIT_RETAIN_SELF = YES;
				CLANG_WARN_OBJC_LITERAL_CONVERSION = YES;
				CLANG_WARN_OBJC_ROOT_CLASS = YES_ERROR;
				CLANG_WARN_QUOTED_INCLUDE_IN_FRAMEWORK_HEADER = YES;
				CLANG_WARN_RANGE_LOOP_ANALYSIS = YES;
				CLANG_WARN_STRICT_PROTOTYPES = YES;
				CLANG_WARN_SUSPICIOUS_MOVE = YES;
				CLANG_WARN_UNGUARDED_AVAILABILITY = YES_AGGRESSIVE;
				CLANG_WARN_UNREACHABLE_CODE = YES;
				CLANG_WARN__DUPLICATE_METHOD_MATCH = YES;
				COPY_PHASE_STRIP = NO;
				DEBUG_INFORMATION_FORMAT = dwarf;
				ENABLE_STRICT_OBJC_MSGSEND = YES;
				ENABLE_TESTABILITY = YES;
				GCC_C_LANGUAGE_STANDARD = gnu11;
				GCC_DYNAMIC_NO_PIC = NO;
				GCC_NO_COMMON_BLOCKS = YES;
				GCC_OPTIMIZATION_LEVEL = 0;
				GCC_PREPROCESSOR_DEFINITIONS = (
					"$(inherited)",
					"DEBUG=1",
				);
				GCC_WARN_64_TO_32_BIT_CONVERSION = YES;
				GCC_WARN_ABOUT_RETURN_TYPE = YES_ERROR;
				GCC_WARN_UNDECLARED_SELECTOR = YES;
				GCC_WARN_UNINITIALIZED_AUTOS = YES_AGGRESSIVE;
				GCC_WARN_UNUSED_FUNCTION = YES;
				GCC_WARN_UNUSED_VARIABLE = YES;
				MACOSX_DEPLOYMENT_TARGET = 14.0;
				MTL_ENABLE_DEBUG_INFO = INCLUDE_SOURCE;
				MTL_FAST_MATH = YES;
				ONLY_ACTIVE_ARCH = YES;
				PRODUCT_NAME = "$(TARGET_NAME)";
				SDKROOT = macosx;
				SWIFT_ACTIVE_COMPILATION_CONDITIONS = DEBUG;
				SWIFT_OPTIMIZATION_LEVEL = "-Onone";
				SWIFT_VERSION = 5.10;
			};
			name = Debug;
		};
		C2761227960F0302A0501CEC /* Release */ = {
			isa = XCBuildConfiguration;
			buildSettings = {
				BUNDLE_LOADER = "$(TEST_HOST)";
				COMBINE_HIDPI_IMAGES = YES;
				GENERATE_INFOPLIST_FILE = YES;
				LD_RUNPATH_SEARCH_PATHS = (
					"$(inherited)",
					"@executable_path/../Frameworks",
					"@loader_path/../Frameworks",
				);
				PRODUCT_BUNDLE_IDENTIFIER = com.anibalin.ProjectPulseTests;
				SDKROOT = macosx;
				TEST_HOST = "$(BUILT_PRODUCTS_DIR)/ProjectPulse.app/Contents/MacOS/ProjectPulse";
			};
			name = Release;
		};
		C465B3BE48498B0908257A8E /* Release */ = {
			isa = XCBuildConfiguration;
			buildSettings = {
				ASSETCATALOG_COMPILER_APPICON_NAME = AppIcon;
				CODE_SIGNING_REQUIRED = NO;
				CODE_SIGN_IDENTITY = "-";
				COMBINE_HIDPI_IMAGES = YES;
				ENABLE_HARDENED_RUNTIME = NO;
				INFOPLIST_FILE = ProjectPulse/Info.plist;
				LD_RUNPATH_SEARCH_PATHS = (
					"$(inherited)",
					"@executable_path/../Frameworks",
				);
				PRODUCT_BUNDLE_IDENTIFIER = com.anibalin.ProjectPulse;
				SDKROOT = macosx;
			};
			name = Release;
		};
		FF928C73E4315806A913268B /* Debug */ = {
			isa = XCBuildConfiguration;
			buildSettings = {
				BUNDLE_LOADER = "$(TEST_HOST)";
				COMBINE_HIDPI_IMAGES = YES;
				GENERATE_INFOPLIST_FILE = YES;
				LD_RUNPATH_SEARCH_PATHS = (
					"$(inherited)",
					"@executable_path/../Frameworks",
					"@loader_path/../Frameworks",
				);
				PRODUCT_BUNDLE_IDENTIFIER = com.anibalin.ProjectPulseTests;
				SDKROOT = macosx;
				TEST_HOST = "$(BUILT_PRODUCTS_DIR)/ProjectPulse.app/Contents/MacOS/ProjectPulse";
			};
			name = Debug;
		};
/* End XCBuildConfiguration section */

/* Begin XCConfigurationList section */
		A9DFCEA6C26C0F8F15AE7376 /* Build configuration list for PBXProject "ProjectPulse" */ = {
			isa = XCConfigurationList;
			buildConfigurations = (
				53BEB8842511B6E276EC69D2 /* Debug */,
				0C6D64EAC9E5F1B2BA23F69A /* Release */,
			);
			defaultConfigurationIsVisible = 0;
			defaultConfigurationName = Debug;
		};
		B837964449E12682EBEF21A7 /* Build configuration list for PBXNativeTarget "ProjectPulseTests" */ = {
			isa = XCConfigurationList;
			buildConfigurations = (
				FF928C73E4315806A913268B /* Debug */,
				C2761227960F0302A0501CEC /* Release */,
			);
			defaultConfigurationIsVisible = 0;
			defaultConfigurationName = Debug;
		};
		EA5A2CD134BF060725908F93 /* Build configuration list for PBXNativeTarget "ProjectPulse" */ = {
			isa = XCConfigurationList;
			buildConfigurations = (
				1B3A20D73330EAA57350D8B2 /* Debug */,
				C465B3BE48498B0908257A8E /* Release */,
			);
			defaultConfigurationIsVisible = 0;
			defaultConfigurationName = Debug;
		};
/* End XCConfigurationList section */
	};
	rootObject = 7A62027D4997341DF687A343 /* Project object */;
}
